
Microsoft Visual Studio Solution File, Format Version 12.00
# Visual Studio 15
VisualStudioVersion = 15.0.27130.2027
MinimumVisualStudioVersion = 10.0.40219.1
Project("{9A19103F-16F7-4668-BE54-9A1E7A4F7556}") = "Microsoft.ServiceFabric.Common", "src\Microsoft.ServiceFabric.Common\Microsoft.ServiceFabric.Common.csproj", "{7B501BD5-1E83-4DD5-9E4A-09A7F7BA0A17}"
EndProject
Project("{9A19103F-16F7-4668-BE54-9A1E7A4F7556}") = "Microsoft.ServiceFabric.Client", "src\Microsoft.ServiceFabric.Client\Microsoft.ServiceFabric.Client.csproj", "{EF6FAE85-7016-42FD-B0F0-6C42E9145D9B}"
EndProject
Project("{9A19103F-16F7-4668-BE54-9A1E7A4F7556}") = "Microsoft.ServiceFabric.Client.Http", "src\Microsoft.ServiceFabric.Client.Http\Microsoft.ServiceFabric.Client.Http.csproj", "{AAF18C3D-605B-491A-9900-E90807DEC9CE}"
EndProject
Global
	GlobalSection(SolutionConfigurationPlatforms) = preSolution
		Debug|x64 = Debug|x64
		Release|x64 = Release|x64
	EndGlobalSection
	GlobalSection(ProjectConfigurationPlatforms) = postSolution
		{7B501BD5-1E83-4DD5-9E4A-09A7F7BA0A17}.Debug|x64.ActiveCfg = Debug|x64
		{7B501BD5-1E83-4DD5-9E4A-09A7F7BA0A17}.Debug|x64.Build.0 = Debug|x64
		{7B501BD5-1E83-4DD5-9E4A-09A7F7BA0A17}.Release|x64.ActiveCfg = Release|x64
		{7B501BD5-1E83-4DD5-9E4A-09A7F7BA0A17}.Release|x64.Build.0 = Release|x64
		{EF6FAE85-7016-42FD-B0F0-6C42E9145D9B}.Debug|x64.ActiveCfg = Debug|x64
		{EF6FAE85-7016-42FD-B0F0-6C42E9145D9B}.Debug|x64.Build.0 = Debug|x64
		{EF6FAE85-7016-42FD-B0F0-6C42E9145D9B}.Release|x64.ActiveCfg = Release|x64
		{EF6FAE85-7016-42FD-B0F0-6C42E9145D9B}.Release|x64.Build.0 = Release|x64
		{AAF18C3D-605B-491A-9900-E90807DEC9CE}.Debug|x64.ActiveCfg = Debug|x64
		{AAF18C3D-605B-491A-9900-E90807DEC9CE}.Debug|x64.Build.0 = Debug|x64
		{AAF18C3D-605B-491A-9900-E90807DEC9CE}.Release|x64.ActiveCfg = Release|x64
		{AAF18C3D-605B-491A-9900-E90807DEC9CE}.Release|x64.Build.0 = Release|x64
	EndGlobalSection
	GlobalSection(SolutionProperties) = preSolution
		HideSolutionNode = FALSE
	EndGlobalSection
	GlobalSection(ExtensibilityGlobals) = postSolution
		SolutionGuid = {3770F1EF-029F-4493-A926-A868F09C7338}
	EndGlobalSection
EndGlobal
